{
  "lockfileVersion": 3,
  "name": "playwright-cli-pkg",
  "packages": {
    "": {
      "dependencies": {
        "@playwright/cli": "^0.1.8"
      },
      "name": "playwright-cli-pkg",
      "version": "0.0.0"
    },
    "node_modules/@playwright/cli": {
      "bin": {
        "playwright-cli": "playwright-cli.js"
      },
      "dependencies": {
        "playwright": "1.60.0-alpha-1777669338000"
      },
      "engines": {
        "node": ">=18"
      },
      "integrity": "sha512-nz6xPChoijBsxZTSukJFBCCwLozsp7uwBLYrlCrmRU6MXc2a+mpaaLApqBxMfVFjgbP4pYY/3uQ/NnpD+aicxw==",
      "license": "Apache-2.0",
      "resolved": "https://registry.npmjs.org/@playwright/cli/-/cli-0.1.11.tgz",
      "version": "0.1.11"
    },
    "node_modules/fsevents": {
      "engines": {
        "node": "^8.16.0 || ^10.6.0 || >=11.0.0"
      },
      "hasInstallScript": true,
      "integrity": "sha512-xiqMQR4xAeHTuB9uWm+fFRcIOgKBMiOBP+eXiyT7jsgVCq1bkVygt00oASowB7EdtpOHaaPgKt812P9ab+DDKA==",
      "license": "MIT",
      "optional": true,
      "os": [
        "darwin"
      ],
      "resolved": "https://registry.npmjs.org/fsevents/-/fsevents-2.3.2.tgz",
      "version": "2.3.2"
    },
    "node_modules/playwright": {
      "bin": {
        "playwright": "cli.js"
      },
      "dependencies": {
        "playwright-core": "1.60.0-alpha-1777669338000"
      },
      "engines": {
        "node": ">=18"
      },
      "integrity": "sha512-r5G2ZvpIJZHj53GKmUfoQiXHix5bjeObqysV4flfmFNykTjebI9bwdRBuW37pOQP25yjbArkxlsnT5APaWT8zg==",
      "license": "Apache-2.0",
      "optionalDependencies": {
        "fsevents": "2.3.2"
      },
      "resolved": "https://registry.npmjs.org/playwright/-/playwright-1.60.0-alpha-1777669338000.tgz",
      "version": "1.60.0-alpha-1777669338000"
    },
    "node_modules/playwright-core": {
      "bin": {
        "playwright-core": "cli.js"
      },
      "engines": {
        "node": ">=18"
      },
      "integrity": "sha512-CbBF+YtjGGK2mWKdH6iiSNIB9v9Sq8owcUrTy1cw6FgMZavspM6ZSpidQQgQXz/1scQFrM110jrtJqTYwnjbeA==",
      "license": "Apache-2.0",
      "resolved": "https://registry.npmjs.org/playwright-core/-/playwright-core-1.60.0-alpha-1777669338000.tgz",
      "version": "1.60.0-alpha-1777669338000"
    }
  },
  "requires": true,
  "version": "0.0.0"
}
