{
  "lockfileVersion": 3,
  "name": "playwright-cli-pkg",
  "packages": {
    "": {
      "dependencies": {
        "@playwright/cli": "^0.1.8"
      },
      "name": "playwright-cli-pkg",
      "version": "0.0.0"
    },
    "node_modules/@playwright/cli": {
      "bin": {
        "playwright-cli": "playwright-cli.js"
      },
      "dependencies": {
        "playwright": "1.60.0-alpha-2026-04-14"
      },
      "engines": {
        "node": ">=18"
      },
      "integrity": "sha512-z1oo8VewG3IevpiUd9+2OMa157yd9i9vQ+q3DUlYCk1Tb2oZ3mp2piyQbFH0j+msOQK5qLYSBgK6+wPlHZFXKA==",
      "license": "Apache-2.0",
      "resolved": "https://registry.npmjs.org/@playwright/cli/-/cli-0.1.8.tgz",
      "version": "0.1.8"
    },
    "node_modules/fsevents": {
      "engines": {
        "node": "^8.16.0 || ^10.6.0 || >=11.0.0"
      },
      "hasInstallScript": true,
      "integrity": "sha512-xiqMQR4xAeHTuB9uWm+fFRcIOgKBMiOBP+eXiyT7jsgVCq1bkVygt00oASowB7EdtpOHaaPgKt812P9ab+DDKA==",
      "license": "MIT",
      "optional": true,
      "os": [
        "darwin"
      ],
      "resolved": "https://registry.npmjs.org/fsevents/-/fsevents-2.3.2.tgz",
      "version": "2.3.2"
    },
    "node_modules/playwright": {
      "bin": {
        "playwright": "cli.js"
      },
      "dependencies": {
        "playwright-core": "1.60.0-alpha-2026-04-14"
      },
      "engines": {
        "node": ">=18"
      },
      "integrity": "sha512-wrYNgIOWpw/vaC4TpFHx9mVYF7kM6bYyRbStIHfxfqHDZvj1rNcYKSiIBNSUA9qm4bye4PvPEDSpe3RqjYFX6A==",
      "license": "Apache-2.0",
      "optionalDependencies": {
        "fsevents": "2.3.2"
      },
      "resolved": "https://registry.npmjs.org/playwright/-/playwright-1.60.0-alpha-2026-04-14.tgz",
      "version": "1.60.0-alpha-2026-04-14"
    },
    "node_modules/playwright-core": {
      "bin": {
        "playwright-core": "cli.js"
      },
      "engines": {
        "node": ">=18"
      },
      "integrity": "sha512-Wkuhxvhg7YnJXJo+UomP4XlOhdH+AL2QdzJyLuHzqKEIxFkKqtSKF5TTfLt5gyB0UhqEO6knMpr5hULo3W6OEw==",
      "license": "Apache-2.0",
      "resolved": "https://registry.npmjs.org/playwright-core/-/playwright-core-1.60.0-alpha-2026-04-14.tgz",
      "version": "1.60.0-alpha-2026-04-14"
    }
  },
  "requires": true,
  "version": "0.0.0"
}
