{
  "lockfileVersion": 3,
  "name": "cc-voice-reporter-pkg",
  "packages": {
    "": {
      "dependencies": {
        "@mizunashi_mana/cc-voice-reporter": "2.2.0"
      },
      "name": "cc-voice-reporter-pkg",
      "version": "0.0.0"
    },
    "node_modules/@mizunashi_mana/cc-voice-reporter": {
      "bin": {
        "cc-voice-reporter": "dist/cli/cli.js"
      },
      "dependencies": {
        "chokidar": "^5.0.0",
        "zod": "^4.3.6"
      },
      "engines": {
        "node": ">=22.0.0"
      },
      "integrity": "sha512-TkAw5JlEy4bDyHyIrpGLictS45xFkj0wNfcLN9uubFF5XwT73MPUDwY/37DsZLGNRx5rj3bMeZbvjz1yK7qUKw==",
      "license": "Apache-2.0 OR MPL-2.0",
      "resolved": "https://registry.npmjs.org/@mizunashi_mana/cc-voice-reporter/-/cc-voice-reporter-2.2.0.tgz",
      "version": "2.2.0"
    },
    "node_modules/chokidar": {
      "dependencies": {
        "readdirp": "^5.0.0"
      },
      "engines": {
        "node": ">= 20.19.0"
      },
      "funding": {
        "url": "https://paulmillr.com/funding/"
      },
      "integrity": "sha512-TQMmc3w+5AxjpL8iIiwebF73dRDF4fBIieAqGn9RGCWaEVwQ6Fb2cGe31Yns0RRIzii5goJ1Y7xbMwo1TxMplw==",
      "license": "MIT",
      "resolved": "https://registry.npmjs.org/chokidar/-/chokidar-5.0.0.tgz",
      "version": "5.0.0"
    },
    "node_modules/readdirp": {
      "engines": {
        "node": ">= 20.19.0"
      },
      "funding": {
        "type": "individual",
        "url": "https://paulmillr.com/funding/"
      },
      "integrity": "sha512-9u/XQ1pvrQtYyMpZe7DXKv2p5CNvyVwzUB6uhLAnQwHMSgKMBR62lc7AHljaeteeHXn11XTAaLLUVZYVZyuRBQ==",
      "license": "MIT",
      "resolved": "https://registry.npmjs.org/readdirp/-/readdirp-5.0.0.tgz",
      "version": "5.0.0"
    },
    "node_modules/zod": {
      "funding": {
        "url": "https://github.com/sponsors/colinhacks"
      },
      "integrity": "sha512-rftlrkhHZOcjDwkGlnUtZZkvaPHCsDATp4pGpuOOMDaTdDDXF91wuVDJoWoPsKX/3YPQ5fHuF3STjcYyKr+Qhg==",
      "license": "MIT",
      "resolved": "https://registry.npmjs.org/zod/-/zod-4.3.6.tgz",
      "version": "4.3.6"
    }
  },
  "requires": true,
  "version": "0.0.0"
}
